
Microsoft Visual Studio Solution File, Format Version 12.00
Project("{FAE04EC0-301F-11D3-BF4B-00C04F79EFBC}") = "Energy Auction", "Energy Auction\Energy Auction.csproj", "{9A2AA70C-991A-4E96-8FE2-1F38EF0A7300}"
EndProject
Project("{2150E333-8FDC-42A3-9474-1A3956D46DE8}") = "ActressMas Framework", "ActressMas Framework", "{CCAD7B2F-6915-4963-A86C-68AB08705B4F}"
EndProject
Project("{FAE04EC0-301F-11D3-BF4B-00C04F79EFBC}") = "ActressMas", "..\..\Documents\Uni\Y4\TR1\MAS\Source Code and Examples\ActressMas Framework\ActressMas\ActressMas.csproj", "{512082B9-9B3A-43C8-9939-EFDFB1CAFF2E}"
EndProject
Global
	GlobalSection(SolutionConfigurationPlatforms) = preSolution
		Debug|Any CPU = Debug|Any CPU
		Release|Any CPU = Release|Any CPU
	EndGlobalSection
	GlobalSection(ProjectConfigurationPlatforms) = postSolution
		{9A2AA70C-991A-4E96-8FE2-1F38EF0A7300}.Debug|Any CPU.ActiveCfg = Debug|Any CPU
		{9A2AA70C-991A-4E96-8FE2-1F38EF0A7300}.Debug|Any CPU.Build.0 = Debug|Any CPU
		{9A2AA70C-991A-4E96-8FE2-1F38EF0A7300}.Release|Any CPU.ActiveCfg = Release|Any CPU
		{9A2AA70C-991A-4E96-8FE2-1F38EF0A7300}.Release|Any CPU.Build.0 = Release|Any CPU
		{512082B9-9B3A-43C8-9939-EFDFB1CAFF2E}.Debug|Any CPU.ActiveCfg = Debug|Any CPU
		{512082B9-9B3A-43C8-9939-EFDFB1CAFF2E}.Debug|Any CPU.Build.0 = Debug|Any CPU
		{512082B9-9B3A-43C8-9939-EFDFB1CAFF2E}.Release|Any CPU.ActiveCfg = Release|Any CPU
		{512082B9-9B3A-43C8-9939-EFDFB1CAFF2E}.Release|Any CPU.Build.0 = Release|Any CPU
	EndGlobalSection
	GlobalSection(NestedProjects) = preSolution
		{512082B9-9B3A-43C8-9939-EFDFB1CAFF2E} = {CCAD7B2F-6915-4963-A86C-68AB08705B4F}
	EndGlobalSection
EndGlobal
